SITE
  remote: https://supermarket.getchef.com/api/v1
  specs:
    build-essential (8.2.1)
      mingw (>= 1.1)
      seven_zip (>= 0.0.0)
    dpkg_autostart (0.2.0)
    erlang (7.0.0)
      build-essential (>= 5.0)
      yum-epel (>= 0.0.0)
      yum-erlang_solutions (>= 1.0.3)
    logrotate (2.2.0)
    mingw (2.1.0)
      seven_zip (>= 0.0.0)
    seven_zip (3.1.0)
      windows (>= 0.0.0)
    windows (5.3.0)
    yum-epel (3.3.0)
    yum-erlang_solutions (2.0.0)
      yum-epel (>= 0.0.0)

GIT
  remote: https://github.com/rabbitmq/chef-cookbook/
  ref: v5.x
  sha: 97ef1f6a3c30cedc06e3572292b9132aacc7880f
  specs:
    rabbitmq (5.7.0)
      dpkg_autostart (>= 0.0.0)
      erlang (>= 0.0.0)
      logrotate (>= 0.0.0)
      yum-epel (>= 0.0.0)
      yum-erlang_solutions (>= 0.0.0)

DEPENDENCIES
  rabbitmq (>= 0)

